<?xml version="1.0" encoding="utf-8"?>
<Project ToolsVersion="4.0" xmlns="http://schemas.microsoft.com/developer/msbuild/2003">
  <ItemGroup>
    <Filter Include="Source Files">
      <UniqueIdentifier>{4FC737F1-C7A5-4376-A066-2A32D752A2FF}</UniqueIdentifier>
      <Extensions>cpp;c;cc;cxx;c++;cppm;ixx;def;odl;idl;hpj;bat;asm;asmx</Extensions>
    </Filter>
    <Filter Include="Header Files">
      <UniqueIdentifier>{93995380-89BD-4b04-88EB-625FBE52EBFB}</UniqueIdentifier>
      <Extensions>h;hh;hpp;hxx;h++;hm;inl;inc;ipp;xsd</Extensions>
    </Filter>
    <Filter Include="Resource Files">
      <UniqueIdentifier>{67DA6AB6-F800-4c08-8B7A-83BB121AAD01}</UniqueIdentifier>
      <Extensions>rc;ico;cur;bmp;dlg;rc2;rct;bin;rgs;gif;jpg;jpeg;jpe;resx;tiff;tif;png;wav;mfcribbon-ms</Extensions>
    </Filter>
    <Filter Include="Header Files\ServiceLocator">
      <UniqueIdentifier>{45f9d473-6762-423c-ada8-ecabbd14f94b}</UniqueIdentifier>
    </Filter>
    <Filter Include="Header Files\SoundSystem">
      <UniqueIdentifier>{08346ac5-eee2-45eb-84f3-1d2a6c914bff}</UniqueIdentifier>
    </Filter>
    <Filter Include="Source Files\ServiceLocator">
      <UniqueIdentifier>{0fd1f7b6-c502-44ba-ac35-b99de6361920}</UniqueIdentifier>
    </Filter>
    <Filter Include="Source Files\SoundSystem">
      <UniqueIdentifier>{83e96cd7-dc1f-43ab-a71a-607ec4df7e15}</UniqueIdentifier>
    </Filter>
    <Filter Include="Header Files\SoundSystem\SoundData">
      <UniqueIdentifier>{357f7094-5493-48ee-b255-3bd9b26c21d1}</UniqueIdentifier>
    </Filter>
    <Filter Include="Header Files\Threading">
      <UniqueIdentifier>{d07f47a2-b965-401d-8137-fad7b5ec5e40}</UniqueIdentifier>
    </Filter>
  </ItemGroup>
  <ItemGroup>
    <ClCompile Include="Main.cpp">
      <Filter>Source Files</Filter>
    </ClCompile>
    <ClCompile Include="SoundSystem.h">
      <Filter>Header Files\SoundSystem</Filter>
    </ClCompile>
    <ClCompile Include="ServiceLocator.cpp">
      <Filter>Source Files\ServiceLocator</Filter>
    </ClCompile>
    <ClCompile Include="FModSoundSystem.cpp">
      <Filter>Source Files\SoundSystem</Filter>
    </ClCompile>
    <ClCompile Include="FModSoundSystemImpl.cpp">
      <Filter>Source Files\SoundSystem</Filter>
    </ClCompile>
  </ItemGroup>
  <ItemGroup>
    <ClInclude Include="ServiceLocator.h">
      <Filter>Header Files\ServiceLocator</Filter>
    </ClInclude>
    <ClInclude Include="FModSoundSystem.h">
      <Filter>Header Files\SoundSystem</Filter>
    </ClInclude>
    <ClInclude Include="FModSoundSystemImpl.h">
      <Filter>Header Files\SoundSystem</Filter>
    </ClInclude>
    <ClInclude Include="SoundData.h">
      <Filter>Header Files\SoundSystem\SoundData</Filter>
    </ClInclude>
    <ClInclude Include="ThreadsafeQueue.h">
      <Filter>Header Files\Threading</Filter>
    </ClInclude>
  </ItemGroup>
</Project>